
Microsoft Visual Studio Solution File, Format Version 12.00
# Visual Studio Version 16
VisualStudioVersion = 16.0.31129.286
MinimumVisualStudioVersion = 10.0.40219.1
Project("{FAE04EC0-301F-11D3-BF4B-00C04F79EFBC}") = "zxemu", "zxemu\zxemu.csproj", "{77AE0BB5-D674-4B9F-ABF3-DAB5C0992620}"
EndProject
Global
	GlobalSection(SolutionConfigurationPlatforms) = preSolution
		Debug|Any CPU = Debug|Any CPU
		Release|Any CPU = Release|Any CPU
	EndGlobalSection
	GlobalSection(ProjectConfigurationPlatforms) = postSolution
		{77AE0BB5-D674-4B9F-ABF3-DAB5C0992620}.Debug|Any CPU.ActiveCfg = Debug|Any CPU
		{77AE0BB5-D674-4B9F-ABF3-DAB5C0992620}.Debug|Any CPU.Build.0 = Debug|Any CPU
		{77AE0BB5-D674-4B9F-ABF3-DAB5C0992620}.Release|Any CPU.ActiveCfg = Release|Any CPU
		{77AE0BB5-D674-4B9F-ABF3-DAB5C0992620}.Release|Any CPU.Build.0 = Release|Any CPU
	EndGlobalSection
	GlobalSection(SolutionProperties) = preSolution
		HideSolutionNode = FALSE
	EndGlobalSection
	GlobalSection(ExtensibilityGlobals) = postSolution
		SolutionGuid = {2FF7CA80-0DEB-4668-8A0C-5600B93E2981}
	EndGlobalSection
EndGlobal
